// !$*UTF8*$!
{
	archiveVersion = 1;
	classes = {
	};
	objectVersion = 77;
	objects = {

/* Begin PBXBuildFile section */
		00B7AA22324D873ABF62A5B3 /* Assets.xcassets in Resources */ = {isa = PBXBuildFile; fileRef = 7B8BCA8DD9C7F316A7BEE0B2 /* Assets.xcassets */; };
		154F1A228FF74ADBEC32129D /* WHOWeight.swift in Sources */ = {isa = PBXBuildFile; fileRef = 1DFC0AB3E65AE8406CF9D882 /* WHOWeight.swift */; };
		1A99EE711235E2D4854B9CE7 /* BeanloWidgets.appex in Embed Foundation Extensions */ = {isa = PBXBuildFile; fileRef = 02F169F647B1AD7B65695592 /* BeanloWidgets.appex */; settings = {ATTRIBUTES = (RemoveHeadersOnCopy, ); }; };
		1CDFE0E926C36EA96E32EFA7 /* Palette.swift in Sources */ = {isa = PBXBuildFile; fileRef = B4A96FC94268C38C906EF458 /* Palette.swift */; };
		2BB72D657D059019188DF11E /* SharedTypes.swift in Sources */ = {isa = PBXBuildFile; fileRef = D0C85F705BE073C0AAA7D86D /* SharedTypes.swift */; };
		2F15876CD86C16FE12C3E107 /* OnboardingView.swift in Sources */ = {isa = PBXBuildFile; fileRef = BA5223A7D731DDA63AEFBF7B /* OnboardingView.swift */; };
		305CC1A354E1C962CF1C5BC4 /* Palette.swift in Sources */ = {isa = PBXBuildFile; fileRef = B4A96FC94268C38C906EF458 /* Palette.swift */; };
		308EAA9631B18C2CF7285949 /* Models.swift in Sources */ = {isa = PBXBuildFile; fileRef = 2E07E60E828EE503E499817F /* Models.swift */; };
		341DAB8CF48C71F647D83605 /* FriendsView.swift in Sources */ = {isa = PBXBuildFile; fileRef = 01F546BC4F0D8E7CCBC073D5 /* FriendsView.swift */; };
		36BE6331B697036A064D5148 /* AuthView.swift in Sources */ = {isa = PBXBuildFile; fileRef = 311D92C95AFA5F91EF74AEB3 /* AuthView.swift */; };
		3B86B7042823E48F169CC923 /* HuckleberryImport.swift in Sources */ = {isa = PBXBuildFile; fileRef = 3F8256CA51DFE72B187EC922 /* HuckleberryImport.swift */; };
		3B9F20E77760A62A63CC6BEE /* Components.swift in Sources */ = {isa = PBXBuildFile; fileRef = EC640DB3B9D7F5D263832128 /* Components.swift */; };
		3D99FDC0B94D0E297584F017 /* QuickLog.swift in Sources */ = {isa = PBXBuildFile; fileRef = FE7007BB06DE65C07949AAEE /* QuickLog.swift */; };
		427717ADE7C97C633EA58B6F /* TodayView.swift in Sources */ = {isa = PBXBuildFile; fileRef = B6F719C239BF8DEEC582702C /* TodayView.swift */; };
		49B1747BDFB952154E027F7A /* NotesView.swift in Sources */ = {isa = PBXBuildFile; fileRef = 7E829E72F306BE1D40E10044 /* NotesView.swift */; };
		503E381D82766400118E556F /* Clinical.swift in Sources */ = {isa = PBXBuildFile; fileRef = 982D4A9BF820014229C3BDFE /* Clinical.swift */; };
		517E8A1244BDD791D7EFB007 /* Store.swift in Sources */ = {isa = PBXBuildFile; fileRef = A0E9A68D9843B3FE63CD44C8 /* Store.swift */; };
		56EAD4D39CB9DA85B1E3210E /* QuickLog.swift in Sources */ = {isa = PBXBuildFile; fileRef = FE7007BB06DE65C07949AAEE /* QuickLog.swift */; };
		57EEDE1EF82CF7955C3B6180 /* LogicTests.swift in Sources */ = {isa = PBXBuildFile; fileRef = C681B9EE2442A65334C8CDF8 /* LogicTests.swift */; };
		5F455A88E39FA8A030D28D73 /* WHOWeight.swift in Sources */ = {isa = PBXBuildFile; fileRef = 1DFC0AB3E65AE8406CF9D882 /* WHOWeight.swift */; };
		61941D9EDC1B701F00441C45 /* HuckleberryTests.swift in Sources */ = {isa = PBXBuildFile; fileRef = 104C3F8C28BC63E7B7B7125F /* HuckleberryTests.swift */; };
		66C17CF5462A34D9C9072771 /* LogSheet.swift in Sources */ = {isa = PBXBuildFile; fileRef = 4F2D01B2267930A87A15E7B2 /* LogSheet.swift */; };
		6DFE2E3CB24AC3739AFD022F /* HistoryView.swift in Sources */ = {isa = PBXBuildFile; fileRef = 26004E2E18EE59EC8CACC0CF /* HistoryView.swift */; };
		70338F2D4DDB4947A870DD19 /* WHOGrowth.swift in Sources */ = {isa = PBXBuildFile; fileRef = C159604E7F661E8A04349551 /* WHOGrowth.swift */; };
		7801A97AD53FF3861D9A0DFC /* Predict.swift in Sources */ = {isa = PBXBuildFile; fileRef = 060DE9CE01E34B6A50DD0BD2 /* Predict.swift */; };
		82B33F2324546EDDB826E1D0 /* RootView.swift in Sources */ = {isa = PBXBuildFile; fileRef = 177A441EF8796BC28453AF4E /* RootView.swift */; };
		82E3F898F6861949CFF0CC76 /* E2EE.swift in Sources */ = {isa = PBXBuildFile; fileRef = 2AD9E95B5F36C573BD5EB01E /* E2EE.swift */; };
		898DD98D8C7C6A198D0C201E /* Theme.swift in Sources */ = {isa = PBXBuildFile; fileRef = 6DC78D18552A0B2B5FDC3897 /* Theme.swift */; };
		8B1E3A53A5E0A015B581C39A /* BeanloApp.swift in Sources */ = {isa = PBXBuildFile; fileRef = CC930610A13DB8711432F7D6 /* BeanloApp.swift */; };
		8F9DCE0B906ACB8F843CED52 /* Supabase in Frameworks */ = {isa = PBXBuildFile; productRef = D1C74A9AC6F23FCBBD71C850 /* Supabase */; };
		92F220BE4D4BBA949A146BF6 /* AppShortcuts.swift in Sources */ = {isa = PBXBuildFile; fileRef = 848C94314D20B3377C201259 /* AppShortcuts.swift */; };
		A78C85828F7258F520E23C91 /* ChatView.swift in Sources */ = {isa = PBXBuildFile; fileRef = 3BBF4FD00A2108FBE262AF37 /* ChatView.swift */; };
		B180C086A5097E8505CB21D3 /* SharedTypes.swift in Sources */ = {isa = PBXBuildFile; fileRef = D0C85F705BE073C0AAA7D86D /* SharedTypes.swift */; };
		C778B71D269AF16180687169 /* WHOGrowth.swift in Sources */ = {isa = PBXBuildFile; fileRef = C159604E7F661E8A04349551 /* WHOGrowth.swift */; };
		CA04239F2047BDD2561031A3 /* BeanloWidgets.swift in Sources */ = {isa = PBXBuildFile; fileRef = 8AA1A2EA983D9E41C9726199 /* BeanloWidgets.swift */; };
		CACA8B5A03441981CC75C6DC /* SettingsView.swift in Sources */ = {isa = PBXBuildFile; fileRef = C5BF01E37E88532DA607099D /* SettingsView.swift */; };
		D75E582CC6A918B91C6DCD10 /* ChartsView.swift in Sources */ = {isa = PBXBuildFile; fileRef = 83EED4A7B1C07E4C87090031 /* ChartsView.swift */; };
		EC164CF285A8B9202025F69C /* FriendsStore.swift in Sources */ = {isa = PBXBuildFile; fileRef = FCB613FA3024E5BC2BB95DEB /* FriendsStore.swift */; };
		ED006D8EE97543941002C4FA /* CoreFlowsUITests.swift in Sources */ = {isa = PBXBuildFile; fileRef = 47F4136CFDED85BF47F26775 /* CoreFlowsUITests.swift */; };
		FBBAEDEABA5E8A91CA836325 /* DataSheets.swift in Sources */ = {isa = PBXBuildFile; fileRef = 2E41B39BC687CE9EC3C01E47 /* DataSheets.swift */; };
/* End PBXBuildFile section */

/* Begin PBXContainerItemProxy section */
		626AD2D579E2E295BA471D0B /* PBXContainerItemProxy */ = {
			isa = PBXContainerItemProxy;
			containerPortal = 725B2E0F1D8960D6803B5B52 /* Project object */;
			proxyType = 1;
			remoteGlobalIDString = 2667AD8F3AA6F31202B6F406;
			remoteInfo = Beanlo;
		};
		80C89ADD091B394FC2AF6831 /* PBXContainerItemProxy */ = {
			isa = PBXContainerItemProxy;
			containerPortal = 725B2E0F1D8960D6803B5B52 /* Project object */;
			proxyType = 1;
			remoteGlobalIDString = 3F6C84776910293F8726DDA1;
			remoteInfo = BeanloWidgets;
		};
		94D16DFEB41BFBD61B18A0D0 /* PBXContainerItemProxy */ = {
			isa = PBXContainerItemProxy;
			containerPortal = 725B2E0F1D8960D6803B5B52 /* Project object */;
			proxyType = 1;
			remoteGlobalIDString = 2667AD8F3AA6F31202B6F406;
			remoteInfo = Beanlo;
		};
/* End PBXContainerItemProxy section */

/* Begin PBXCopyFilesBuildPhase section */
		4546DDBE72A2D464A1EDF6EA /* Embed Foundation Extensions */ = {
			isa = PBXCopyFilesBuildPhase;
			buildActionMask = 2147483647;
			dstPath = "";
			dstSubfolderSpec = 13;
			files = (
				1A99EE711235E2D4854B9CE7 /* BeanloWidgets.appex in Embed Foundation Extensions */,
			);
			name = "Embed Foundation Extensions";
			runOnlyForDeploymentPostprocessing = 0;
		};
/* End PBXCopyFilesBuildPhase section */

/* Begin PBXFileReference section */
		01F546BC4F0D8E7CCBC073D5 /* FriendsView.swift */ = {isa = PBXFileReference; lastKnownFileType = sourcecode.swift; path = FriendsView.swift; sourceTree = "<group>"; };
		02F169F647B1AD7B65695592 /* BeanloWidgets.appex */ = {isa = PBXFileReference; includeInIndex = 0; lastKnownFileType = "wrapper.app-extension"; path = BeanloWidgets.appex; sourceTree = BUILT_PRODUCTS_DIR; };
		060DE9CE01E34B6A50DD0BD2 /* Predict.swift */ = {isa = PBXFileReference; lastKnownFileType = sourcecode.swift; path = Predict.swift; sourceTree = "<group>"; };
		104C3F8C28BC63E7B7B7125F /* HuckleberryTests.swift */ = {isa = PBXFileReference; lastKnownFileType = sourcecode.swift; path = HuckleberryTests.swift; sourceTree = "<group>"; };
		177A441EF8796BC28453AF4E /* RootView.swift */ = {isa = PBXFileReference; lastKnownFileType = sourcecode.swift; path = RootView.swift; sourceTree = "<group>"; };
		1D448F52284188880960D7D6 /* BeanloWidgets.entitlements */ = {isa = PBXFileReference; lastKnownFileType = text.plist.entitlements; path = BeanloWidgets.entitlements; sourceTree = "<group>"; };
		1DFC0AB3E65AE8406CF9D882 /* WHOWeight.swift */ = {isa = PBXFileReference; lastKnownFileType = sourcecode.swift; path = WHOWeight.swift; sourceTree = "<group>"; };
		26004E2E18EE59EC8CACC0CF /* HistoryView.swift */ = {isa = PBXFileReference; lastKnownFileType = sourcecode.swift; path = HistoryView.swift; sourceTree = "<group>"; };
		2AD9E95B5F36C573BD5EB01E /* E2EE.swift */ = {isa = PBXFileReference; lastKnownFileType = sourcecode.swift; path = E2EE.swift; sourceTree = "<group>"; };
		2E07E60E828EE503E499817F /* Models.swift */ = {isa = PBXFileReference; lastKnownFileType = sourcecode.swift; path = Models.swift; sourceTree = "<group>"; };
		2E41B39BC687CE9EC3C01E47 /* DataSheets.swift */ = {isa = PBXFileReference; lastKnownFileType = sourcecode.swift; path = DataSheets.swift; sourceTree = "<group>"; };
		311D92C95AFA5F91EF74AEB3 /* AuthView.swift */ = {isa = PBXFileReference; lastKnownFileType = sourcecode.swift; path = AuthView.swift; sourceTree = "<group>"; };
		3BBF4FD00A2108FBE262AF37 /* ChatView.swift */ = {isa = PBXFileReference; lastKnownFileType = sourcecode.swift; path = ChatView.swift; sourceTree = "<group>"; };
		3F8256CA51DFE72B187EC922 /* HuckleberryImport.swift */ = {isa = PBXFileReference; lastKnownFileType = sourcecode.swift; path = HuckleberryImport.swift; sourceTree = "<group>"; };
		47F4136CFDED85BF47F26775 /* CoreFlowsUITests.swift */ = {isa = PBXFileReference; lastKnownFileType = sourcecode.swift; path = CoreFlowsUITests.swift; sourceTree = "<group>"; };
		4806C593E90F9B916B6FBE29 /* Beanlo.app */ = {isa = PBXFileReference; includeInIndex = 0; lastKnownFileType = wrapper.application; path = Beanlo.app; sourceTree = BUILT_PRODUCTS_DIR; };
		4F2D01B2267930A87A15E7B2 /* LogSheet.swift */ = {isa = PBXFileReference; lastKnownFileType = sourcecode.swift; path = LogSheet.swift; sourceTree = "<group>"; };
		61A6151EBCB79DE5E8F8F6FD /* Info.plist */ = {isa = PBXFileReference; lastKnownFileType = text.plist; path = Info.plist; sourceTree = "<group>"; };
		6A662D22FABF629622E427C6 /* Beanlo.entitlements */ = {isa = PBXFileReference; lastKnownFileType = text.plist.entitlements; path = Beanlo.entitlements; sourceTree = "<group>"; };
		6DC78D18552A0B2B5FDC3897 /* Theme.swift */ = {isa = PBXFileReference; lastKnownFileType = sourcecode.swift; path = Theme.swift; sourceTree = "<group>"; };
		7B8BCA8DD9C7F316A7BEE0B2 /* Assets.xcassets */ = {isa = PBXFileReference; lastKnownFileType = folder.assetcatalog; path = Assets.xcassets; sourceTree = "<group>"; };
		7E829E72F306BE1D40E10044 /* NotesView.swift */ = {isa = PBXFileReference; lastKnownFileType = sourcecode.swift; path = NotesView.swift; sourceTree = "<group>"; };
		83EED4A7B1C07E4C87090031 /* ChartsView.swift */ = {isa = PBXFileReference; lastKnownFileType = sourcecode.swift; path = ChartsView.swift; sourceTree = "<group>"; };
		848C94314D20B3377C201259 /* AppShortcuts.swift */ = {isa = PBXFileReference; lastKnownFileType = sourcecode.swift; path = AppShortcuts.swift; sourceTree = "<group>"; };
		8AA1A2EA983D9E41C9726199 /* BeanloWidgets.swift */ = {isa = PBXFileReference; lastKnownFileType = sourcecode.swift; path = BeanloWidgets.swift; sourceTree = "<group>"; };
		982D4A9BF820014229C3BDFE /* Clinical.swift */ = {isa = PBXFileReference; lastKnownFileType = sourcecode.swift; path = Clinical.swift; sourceTree = "<group>"; };
		A0E9A68D9843B3FE63CD44C8 /* Store.swift */ = {isa = PBXFileReference; lastKnownFileType = sourcecode.swift; path = Store.swift; sourceTree = "<group>"; };
		B4A96FC94268C38C906EF458 /* Palette.swift */ = {isa = PBXFileReference; lastKnownFileType = sourcecode.swift; path = Palette.swift; sourceTree = "<group>"; };
		B6F719C239BF8DEEC582702C /* TodayView.swift */ = {isa = PBXFileReference; lastKnownFileType = sourcecode.swift; path = TodayView.swift; sourceTree = "<group>"; };
		BA5223A7D731DDA63AEFBF7B /* OnboardingView.swift */ = {isa = PBXFileReference; lastKnownFileType = sourcecode.swift; path = OnboardingView.swift; sourceTree = "<group>"; };
		C159604E7F661E8A04349551 /* WHOGrowth.swift */ = {isa = PBXFileReference; lastKnownFileType = sourcecode.swift; path = WHOGrowth.swift; sourceTree = "<group>"; };
		C5BF01E37E88532DA607099D /* SettingsView.swift */ = {isa = PBXFileReference; lastKnownFileType = sourcecode.swift; path = SettingsView.swift; sourceTree = "<group>"; };
		C681B9EE2442A65334C8CDF8 /* LogicTests.swift */ = {isa = PBXFileReference; lastKnownFileType = sourcecode.swift; path = LogicTests.swift; sourceTree = "<group>"; };
		CC930610A13DB8711432F7D6 /* BeanloApp.swift */ = {isa = PBXFileReference; lastKnownFileType = sourcecode.swift; path = BeanloApp.swift; sourceTree = "<group>"; };
		CE64A91D0330059A2B598E5F /* Info.plist */ = {isa = PBXFileReference; lastKnownFileType = text.plist; path = Info.plist; sourceTree = "<group>"; };
		D0C85F705BE073C0AAA7D86D /* SharedTypes.swift */ = {isa = PBXFileReference; lastKnownFileType = sourcecode.swift; path = SharedTypes.swift; sourceTree = "<group>"; };
		E1DC2CCA0F08AF376714008B /* BeanloUITests.xctest */ = {isa = PBXFileReference; includeInIndex = 0; lastKnownFileType = wrapper.cfbundle; path = BeanloUITests.xctest; sourceTree = BUILT_PRODUCTS_DIR; };
		EC640DB3B9D7F5D263832128 /* Components.swift */ = {isa = PBXFileReference; lastKnownFileType = sourcecode.swift; path = Components.swift; sourceTree = "<group>"; };
		FCB613FA3024E5BC2BB95DEB /* FriendsStore.swift */ = {isa = PBXFileReference; lastKnownFileType = sourcecode.swift; path = FriendsStore.swift; sourceTree = "<group>"; };
		FE7007BB06DE65C07949AAEE /* QuickLog.swift */ = {isa = PBXFileReference; lastKnownFileType = sourcecode.swift; path = QuickLog.swift; sourceTree = "<group>"; };
		FF5FD83CD028E3EB2D0D7C97 /* BeanloTests.xctest */ = {isa = PBXFileReference; includeInIndex = 0; lastKnownFileType = wrapper.cfbundle; path = BeanloTests.xctest; sourceTree = BUILT_PRODUCTS_DIR; };
/* End PBXFileReference section */

/* Begin PBXFrameworksBuildPhase section */
		C970A569FA17F26A85C22BA7 /* Frameworks */ = {
			isa = PBXFrameworksBuildPhase;
			buildActionMask = 2147483647;
			files = (
				8F9DCE0B906ACB8F843CED52 /* Supabase in Frameworks */,
			);
			runOnlyForDeploymentPostprocessing = 0;
		};
/* End PBXFrameworksBuildPhase section */

/* Begin PBXGroup section */
		0495BD163A413FDA0748B36B /* BeanloWidgets */ = {
			isa = PBXGroup;
			children = (
				1D448F52284188880960D7D6 /* BeanloWidgets.entitlements */,
				8AA1A2EA983D9E41C9726199 /* BeanloWidgets.swift */,
				61A6151EBCB79DE5E8F8F6FD /* Info.plist */,
			);
			path = BeanloWidgets;
			sourceTree = "<group>";
		};
		368B7BCBB5FFB754CC719B70 /* BeanloTests */ = {
			isa = PBXGroup;
			children = (
				104C3F8C28BC63E7B7B7125F /* HuckleberryTests.swift */,
				C681B9EE2442A65334C8CDF8 /* LogicTests.swift */,
			);
			path = BeanloTests;
			sourceTree = "<group>";
		};
		6108710FFB5ECB398B306FF3 /* Beanlo */ = {
			isa = PBXGroup;
			children = (
				848C94314D20B3377C201259 /* AppShortcuts.swift */,
				7B8BCA8DD9C7F316A7BEE0B2 /* Assets.xcassets */,
				311D92C95AFA5F91EF74AEB3 /* AuthView.swift */,
				6A662D22FABF629622E427C6 /* Beanlo.entitlements */,
				CC930610A13DB8711432F7D6 /* BeanloApp.swift */,
				83EED4A7B1C07E4C87090031 /* ChartsView.swift */,
				3BBF4FD00A2108FBE262AF37 /* ChatView.swift */,
				982D4A9BF820014229C3BDFE /* Clinical.swift */,
				EC640DB3B9D7F5D263832128 /* Components.swift */,
				2E41B39BC687CE9EC3C01E47 /* DataSheets.swift */,
				2AD9E95B5F36C573BD5EB01E /* E2EE.swift */,
				FCB613FA3024E5BC2BB95DEB /* FriendsStore.swift */,
				01F546BC4F0D8E7CCBC073D5 /* FriendsView.swift */,
				26004E2E18EE59EC8CACC0CF /* HistoryView.swift */,
				3F8256CA51DFE72B187EC922 /* HuckleberryImport.swift */,
				CE64A91D0330059A2B598E5F /* Info.plist */,
				4F2D01B2267930A87A15E7B2 /* LogSheet.swift */,
				2E07E60E828EE503E499817F /* Models.swift */,
				7E829E72F306BE1D40E10044 /* NotesView.swift */,
				BA5223A7D731DDA63AEFBF7B /* OnboardingView.swift */,
				060DE9CE01E34B6A50DD0BD2 /* Predict.swift */,
				177A441EF8796BC28453AF4E /* RootView.swift */,
				C5BF01E37E88532DA607099D /* SettingsView.swift */,
				A0E9A68D9843B3FE63CD44C8 /* Store.swift */,
				6DC78D18552A0B2B5FDC3897 /* Theme.swift */,
				B6F719C239BF8DEEC582702C /* TodayView.swift */,
			);
			path = Beanlo;
			sourceTree = "<group>";
		};
		94E759CB4370495424B00391 = {
			isa = PBXGroup;
			children = (
				6108710FFB5ECB398B306FF3 /* Beanlo */,
				368B7BCBB5FFB754CC719B70 /* BeanloTests */,
				B779B0D58538B7EFB59E8301 /* BeanloUITests */,
				0495BD163A413FDA0748B36B /* BeanloWidgets */,
				9B17228058042B46FA519CB2 /* SharedKit */,
				E0B5A77C4F386C5CECA3CB9C /* Products */,
			);
			sourceTree = "<group>";
		};
		9B17228058042B46FA519CB2 /* SharedKit */ = {
			isa = PBXGroup;
			children = (
				B4A96FC94268C38C906EF458 /* Palette.swift */,
				FE7007BB06DE65C07949AAEE /* QuickLog.swift */,
				D0C85F705BE073C0AAA7D86D /* SharedTypes.swift */,
				C159604E7F661E8A04349551 /* WHOGrowth.swift */,
				1DFC0AB3E65AE8406CF9D882 /* WHOWeight.swift */,
			);
			path = SharedKit;
			sourceTree = "<group>";
		};
		B779B0D58538B7EFB59E8301 /* BeanloUITests */ = {
			isa = PBXGroup;
			children = (
				47F4136CFDED85BF47F26775 /* CoreFlowsUITests.swift */,
			);
			path = BeanloUITests;
			sourceTree = "<group>";
		};
		E0B5A77C4F386C5CECA3CB9C /* Products */ = {
			isa = PBXGroup;
			children = (
				4806C593E90F9B916B6FBE29 /* Beanlo.app */,
				FF5FD83CD028E3EB2D0D7C97 /* BeanloTests.xctest */,
				E1DC2CCA0F08AF376714008B /* BeanloUITests.xctest */,
				02F169F647B1AD7B65695592 /* BeanloWidgets.appex */,
			);
			name = Products;
			sourceTree = "<group>";
		};
/* End PBXGroup section */

/* Begin PBXNativeTarget section */
		10A7FF6BC6D0CC5B0CA0DB94 /* BeanloTests */ = {
			isa = PBXNativeTarget;
			buildConfigurationList = A7DE3BFE9EA22FFBF0DD7EF0 /* Build configuration list for PBXNativeTarget "BeanloTests" */;
			buildPhases = (
				8EEFA260A2362F9F727742F3 /* Sources */,
			);
			buildRules = (
			);
			dependencies = (
				FF4D9EB226F7446FBCCF29B2 /* PBXTargetDependency */,
			);
			name = BeanloTests;
			packageProductDependencies = (
			);
			productName = BeanloTests;
			productReference = FF5FD83CD028E3EB2D0D7C97 /* BeanloTests.xctest */;
			productType = "com.apple.product-type.bundle.unit-test";
		};
		2667AD8F3AA6F31202B6F406 /* Beanlo */ = {
			isa = PBXNativeTarget;
			buildConfigurationList = 15547C42439380AFF065F556 /* Build configuration list for PBXNativeTarget "Beanlo" */;
			buildPhases = (
				73CDBF0E67E2576D83B3A44C /* Sources */,
				3860C37145DCA913CC9A5DD2 /* Resources */,
				C970A569FA17F26A85C22BA7 /* Frameworks */,
				4546DDBE72A2D464A1EDF6EA /* Embed Foundation Extensions */,
			);
			buildRules = (
			);
			dependencies = (
				5DB4D0D63E342D1F17C3551E /* PBXTargetDependency */,
			);
			name = Beanlo;
			packageProductDependencies = (
				D1C74A9AC6F23FCBBD71C850 /* Supabase */,
			);
			productName = Beanlo;
			productReference = 4806C593E90F9B916B6FBE29 /* Beanlo.app */;
			productType = "com.apple.product-type.application";
		};
		3F6C84776910293F8726DDA1 /* BeanloWidgets */ = {
			isa = PBXNativeTarget;
			buildConfigurationList = 2EF2ABA96217D2E4B710C028 /* Build configuration list for PBXNativeTarget "BeanloWidgets" */;
			buildPhases = (
				C5AF4BBFE0E35D9212C83763 /* Sources */,
			);
			buildRules = (
			);
			dependencies = (
			);
			name = BeanloWidgets;
			packageProductDependencies = (
			);
			productName = BeanloWidgets;
			productReference = 02F169F647B1AD7B65695592 /* BeanloWidgets.appex */;
			productType = "com.apple.product-type.app-extension";
		};
		EE57069221430B84F391A8EC /* BeanloUITests */ = {
			isa = PBXNativeTarget;
			buildConfigurationList = A7D872AFF534798ED5200A6F /* Build configuration list for PBXNativeTarget "BeanloUITests" */;
			buildPhases = (
				75C495BDFE7B921407028E8F /* Sources */,
			);
			buildRules = (
			);
			dependencies = (
				9B2CA8484ECFFDDD352CD47C /* PBXTargetDependency */,
			);
			name = BeanloUITests;
			packageProductDependencies = (
			);
			productName = BeanloUITests;
			productReference = E1DC2CCA0F08AF376714008B /* BeanloUITests.xctest */;
			productType = "com.apple.product-type.bundle.ui-testing";
		};
/* End PBXNativeTarget section */

/* Begin PBXProject section */
		725B2E0F1D8960D6803B5B52 /* Project object */ = {
			isa = PBXProject;
			attributes = {
				BuildIndependentTargetsInParallel = YES;
				LastUpgradeCheck = 1430;
				TargetAttributes = {
					10A7FF6BC6D0CC5B0CA0DB94 = {
						DevelopmentTeam = DZ9VAB947K;
					};
					2667AD8F3AA6F31202B6F406 = {
						DevelopmentTeam = DZ9VAB947K;
						ProvisioningStyle = Automatic;
					};
					3F6C84776910293F8726DDA1 = {
						DevelopmentTeam = DZ9VAB947K;
						ProvisioningStyle = Automatic;
					};
					EE57069221430B84F391A8EC = {
						DevelopmentTeam = DZ9VAB947K;
						TestTargetID = 2667AD8F3AA6F31202B6F406;
					};
				};
			};
			buildConfigurationList = 0760C191342C8BE3BC20EF5F /* Build configuration list for PBXProject "Beanlo" */;
			compatibilityVersion = "Xcode 14.0";
			developmentRegion = en;
			hasScannedForEncodings = 0;
			knownRegions = (
				Base,
				en,
			);
			mainGroup = 94E759CB4370495424B00391;
			minimizedProjectReferenceProxies = 1;
			packageReferences = (
				E6D14B57E58642FF6227B3E5 /* XCRemoteSwiftPackageReference "supabase-swift" */,
			);
			preferredProjectObjectVersion = 77;
			projectDirPath = "";
			projectRoot = "";
			targets = (
				2667AD8F3AA6F31202B6F406 /* Beanlo */,
				10A7FF6BC6D0CC5B0CA0DB94 /* BeanloTests */,
				EE57069221430B84F391A8EC /* BeanloUITests */,
				3F6C84776910293F8726DDA1 /* BeanloWidgets */,
			);
		};
/* End PBXProject section */

/* Begin PBXResourcesBuildPhase section */
		3860C37145DCA913CC9A5DD2 /* Resources */ = {
			isa = PBXResourcesBuildPhase;
			buildActionMask = 2147483647;
			files = (
				00B7AA22324D873ABF62A5B3 /* Assets.xcassets in Resources */,
			);
			runOnlyForDeploymentPostprocessing = 0;
		};
/* End PBXResourcesBuildPhase section */

/* Begin PBXSourcesBuildPhase section */
		73CDBF0E67E2576D83B3A44C /* Sources */ = {
			isa = PBXSourcesBuildPhase;
			buildActionMask = 2147483647;
			files = (
				92F220BE4D4BBA949A146BF6 /* AppShortcuts.swift in Sources */,
				36BE6331B697036A064D5148 /* AuthView.swift in Sources */,
				8B1E3A53A5E0A015B581C39A /* BeanloApp.swift in Sources */,
				D75E582CC6A918B91C6DCD10 /* ChartsView.swift in Sources */,
				A78C85828F7258F520E23C91 /* ChatView.swift in Sources */,
				503E381D82766400118E556F /* Clinical.swift in Sources */,
				3B9F20E77760A62A63CC6BEE /* Components.swift in Sources */,
				FBBAEDEABA5E8A91CA836325 /* DataSheets.swift in Sources */,
				82E3F898F6861949CFF0CC76 /* E2EE.swift in Sources */,
				EC164CF285A8B9202025F69C /* FriendsStore.swift in Sources */,
				341DAB8CF48C71F647D83605 /* FriendsView.swift in Sources */,
				6DFE2E3CB24AC3739AFD022F /* HistoryView.swift in Sources */,
				3B86B7042823E48F169CC923 /* HuckleberryImport.swift in Sources */,
				66C17CF5462A34D9C9072771 /* LogSheet.swift in Sources */,
				308EAA9631B18C2CF7285949 /* Models.swift in Sources */,
				49B1747BDFB952154E027F7A /* NotesView.swift in Sources */,
				2F15876CD86C16FE12C3E107 /* OnboardingView.swift in Sources */,
				1CDFE0E926C36EA96E32EFA7 /* Palette.swift in Sources */,
				7801A97AD53FF3861D9A0DFC /* Predict.swift in Sources */,
				56EAD4D39CB9DA85B1E3210E /* QuickLog.swift in Sources */,
				82B33F2324546EDDB826E1D0 /* RootView.swift in Sources */,
				CACA8B5A03441981CC75C6DC /* SettingsView.swift in Sources */,
				B180C086A5097E8505CB21D3 /* SharedTypes.swift in Sources */,
				517E8A1244BDD791D7EFB007 /* Store.swift in Sources */,
				898DD98D8C7C6A198D0C201E /* Theme.swift in Sources */,
				427717ADE7C97C633EA58B6F /* TodayView.swift in Sources */,
				C778B71D269AF16180687169 /* WHOGrowth.swift in Sources */,
				154F1A228FF74ADBEC32129D /* WHOWeight.swift in Sources */,
			);
			runOnlyForDeploymentPostprocessing = 0;
		};
		75C495BDFE7B921407028E8F /* Sources */ = {
			isa = PBXSourcesBuildPhase;
			buildActionMask = 2147483647;
			files = (
				ED006D8EE97543941002C4FA /* CoreFlowsUITests.swift in Sources */,
			);
			runOnlyForDeploymentPostprocessing = 0;
		};
		8EEFA260A2362F9F727742F3 /* Sources */ = {
			isa = PBXSourcesBuildPhase;
			buildActionMask = 2147483647;
			files = (
				61941D9EDC1B701F00441C45 /* HuckleberryTests.swift in Sources */,
				57EEDE1EF82CF7955C3B6180 /* LogicTests.swift in Sources */,
			);
			runOnlyForDeploymentPostprocessing = 0;
		};
		C5AF4BBFE0E35D9212C83763 /* Sources */ = {
			isa = PBXSourcesBuildPhase;
			buildActionMask = 2147483647;
			files = (
				CA04239F2047BDD2561031A3 /* BeanloWidgets.swift in Sources */,
				305CC1A354E1C962CF1C5BC4 /* Palette.swift in Sources */,
				3D99FDC0B94D0E297584F017 /* QuickLog.swift in Sources */,
				2BB72D657D059019188DF11E /* SharedTypes.swift in Sources */,
				70338F2D4DDB4947A870DD19 /* WHOGrowth.swift in Sources */,
				5F455A88E39FA8A030D28D73 /* WHOWeight.swift in Sources */,
			);
			runOnlyForDeploymentPostprocessing = 0;
		};
/* End PBXSourcesBuildPhase section */

/* Begin PBXTargetDependency section */
		5DB4D0D63E342D1F17C3551E /* PBXTargetDependency */ = {
			isa = PBXTargetDependency;
			target = 3F6C84776910293F8726DDA1 /* BeanloWidgets */;
			targetProxy = 80C89ADD091B394FC2AF6831 /* PBXContainerItemProxy */;
		};
		9B2CA8484ECFFDDD352CD47C /* PBXTargetDependency */ = {
			isa = PBXTargetDependency;
			target = 2667AD8F3AA6F31202B6F406 /* Beanlo */;
			targetProxy = 94D16DFEB41BFBD61B18A0D0 /* PBXContainerItemProxy */;
		};
		FF4D9EB226F7446FBCCF29B2 /* PBXTargetDependency */ = {
			isa = PBXTargetDependency;
			target = 2667AD8F3AA6F31202B6F406 /* Beanlo */;
			targetProxy = 626AD2D579E2E295BA471D0B /* PBXContainerItemProxy */;
		};
/* End PBXTargetDependency section */

/* Begin XCBuildConfiguration section */
		1158F7B829E39ADCFA38084C /* Release */ = {
			isa = XCBuildConfiguration;
			buildSettings = {
				BUNDLE_LOADER = "$(TEST_HOST)";
				DEVELOPMENT_TEAM = DZ9VAB947K;
				GENERATE_INFOPLIST_FILE = YES;
				LD_RUNPATH_SEARCH_PATHS = (
					"$(inherited)",
					"@executable_path/Frameworks",
					"@loader_path/Frameworks",
				);
				PRODUCT_BUNDLE_IDENTIFIER = io.beanlo.tests;
				SDKROOT = iphoneos;
				SWIFT_VERSION = 5.0;
				TARGETED_DEVICE_FAMILY = "1,2";
				TEST_HOST = "$(BUILT_PRODUCTS_DIR)/Beanlo.app/$(BUNDLE_EXECUTABLE_FOLDER_PATH)/Beanlo";
			};
			name = Release;
		};
		376E98FEB26DFAAC944217ED /* Debug */ = {
			isa = XCBuildConfiguration;
			buildSettings = {
				ALWAYS_SEARCH_USER_PATHS = NO;
				CLANG_ANALYZER_NONNULL = YES;
				CLANG_ANALYZER_NUMBER_OBJECT_CONVERSION = YES_AGGRESSIVE;
				CLANG_CXX_LANGUAGE_STANDARD = "gnu++14";
				CLANG_CXX_LIBRARY = "libc++";
				CLANG_ENABLE_MODULES = YES;
				CLANG_ENABLE_OBJC_ARC = YES;
				CLANG_ENABLE_OBJC_WEAK = YES;
				CLANG_WARN_BLOCK_CAPTURE_AUTORELEASING = YES;
				CLANG_WARN_BOOL_CONVERSION = YES;
				CLANG_WARN_COMMA = YES;
				CLANG_WARN_CONSTANT_CONVERSION = YES;
				CLANG_WARN_DEPRECATED_OBJC_IMPLEMENTATIONS = YES;
				CLANG_WARN_DIRECT_OBJC_ISA_USAGE = YES_ERROR;
				CLANG_WARN_DOCUMENTATION_COMMENTS = YES;
				CLANG_WARN_EMPTY_BODY = YES;
				CLANG_WARN_ENUM_CONVERSION = YES;
				CLANG_WARN_INFINITE_RECURSION = YES;
				CLANG_WARN_INT_CONVERSION = YES;
				CLANG_WARN_NON_LITERAL_NULL_CONVERSION = YES;
				CLANG_WARN_OBJC_IMPLICIT_RETAIN_SELF = YES;
				CLANG_WARN_OBJC_LITERAL_CONVERSION = YES;
				CLANG_WARN_OBJC_ROOT_CLASS = YES_ERROR;
				CLANG_WARN_QUOTED_INCLUDE_IN_FRAMEWORK_HEADER = YES;
				CLANG_WARN_RANGE_LOOP_ANALYSIS = YES;
				CLANG_WARN_STRICT_PROTOTYPES = YES;
				CLANG_WARN_SUSPICIOUS_MOVE = YES;
				CLANG_WARN_UNGUARDED_AVAILABILITY = YES_AGGRESSIVE;
				CLANG_WARN_UNREACHABLE_CODE = YES;
				CLANG_WARN__DUPLICATE_METHOD_MATCH = YES;
				COPY_PHASE_STRIP = NO;
				DEBUG_INFORMATION_FORMAT = dwarf;
				ENABLE_STRICT_OBJC_MSGSEND = YES;
				ENABLE_TESTABILITY = YES;
				GCC_C_LANGUAGE_STANDARD = gnu11;
				GCC_DYNAMIC_NO_PIC = NO;
				GCC_NO_COMMON_BLOCKS = YES;
				GCC_OPTIMIZATION_LEVEL = 0;
				GCC_PREPROCESSOR_DEFINITIONS = (
					"$(inherited)",
					"DEBUG=1",
				);
				GCC_WARN_64_TO_32_BIT_CONVERSION = YES;
				GCC_WARN_ABOUT_RETURN_TYPE = YES_ERROR;
				GCC_WARN_UNDECLARED_SELECTOR = YES;
				GCC_WARN_UNINITIALIZED_AUTOS = YES_AGGRESSIVE;
				GCC_WARN_UNUSED_FUNCTION = YES;
				GCC_WARN_UNUSED_VARIABLE = YES;
				IPHONEOS_DEPLOYMENT_TARGET = 26.0;
				MTL_ENABLE_DEBUG_INFO = INCLUDE_SOURCE;
				MTL_FAST_MATH = YES;
				ONLY_ACTIVE_ARCH = YES;
				PRODUCT_NAME = "$(TARGET_NAME)";
				SDKROOT = iphoneos;
				SWIFT_ACTIVE_COMPILATION_CONDITIONS = DEBUG;
				SWIFT_OPTIMIZATION_LEVEL = "-Onone";
				SWIFT_VERSION = 5.0;
			};
			name = Debug;
		};
		39CCF9B9D5017A52106C2541 /* Debug */ = {
			isa = XCBuildConfiguration;
			buildSettings = {
				CODE_SIGN_ENTITLEMENTS = BeanloWidgets/BeanloWidgets.entitlements;
				CODE_SIGN_STYLE = Automatic;
				CURRENT_PROJECT_VERSION = 15;
				DEVELOPMENT_TEAM = DZ9VAB947K;
				INFOPLIST_FILE = BeanloWidgets/Info.plist;
				LD_RUNPATH_SEARCH_PATHS = (
					"$(inherited)",
					"@executable_path/Frameworks",
					"@executable_path/../../Frameworks",
				);
				MARKETING_VERSION = 1.0;
				PRODUCT_BUNDLE_IDENTIFIER = io.beanlo.widgets;
				SDKROOT = iphoneos;
				SKIP_INSTALL = YES;
				SWIFT_VERSION = 5.0;
				TARGETED_DEVICE_FAMILY = 1;
			};
			name = Debug;
		};
		51B06B574A98B6FEB49D6B4C /* Release */ = {
			isa = XCBuildConfiguration;
			buildSettings = {
				ASSETCATALOG_COMPILER_APPICON_NAME = AppIcon;
				ASSETCATALOG_COMPILER_GLOBAL_ACCENT_COLOR_NAME = AccentColor;
				CODE_SIGN_ENTITLEMENTS = Beanlo/Beanlo.entitlements;
				CODE_SIGN_IDENTITY = "iPhone Developer";
				CODE_SIGN_STYLE = Automatic;
				CURRENT_PROJECT_VERSION = 15;
				DEVELOPMENT_TEAM = DZ9VAB947K;
				INFOPLIST_FILE = Beanlo/Info.plist;
				INFOPLIST_KEY_UISupportedInterfaceOrientations = UIInterfaceOrientationPortrait;
				LD_RUNPATH_SEARCH_PATHS = (
					"$(inherited)",
					"@executable_path/Frameworks",
				);
				MARKETING_VERSION = 1.0;
				PRODUCT_BUNDLE_IDENTIFIER = io.beanlo;
				SDKROOT = iphoneos;
				SUPPORTS_MACCATALYST = NO;
				SWIFT_VERSION = 5.0;
				TARGETED_DEVICE_FAMILY = 1;
			};
			name = Release;
		};
		71879512D7EE16E237C8FB3D /* Debug */ = {
			isa = XCBuildConfiguration;
			buildSettings = {
				BUNDLE_LOADER = "$(TEST_HOST)";
				DEVELOPMENT_TEAM = DZ9VAB947K;
				GENERATE_INFOPLIST_FILE = YES;
				LD_RUNPATH_SEARCH_PATHS = (
					"$(inherited)",
					"@executable_path/Frameworks",
					"@loader_path/Frameworks",
				);
				PRODUCT_BUNDLE_IDENTIFIER = io.beanlo.tests;
				SDKROOT = iphoneos;
				SWIFT_VERSION = 5.0;
				TARGETED_DEVICE_FAMILY = "1,2";
				TEST_HOST = "$(BUILT_PRODUCTS_DIR)/Beanlo.app/$(BUNDLE_EXECUTABLE_FOLDER_PATH)/Beanlo";
			};
			name = Debug;
		};
		75BB302E9BB981FFD62306AC /* Release */ = {
			isa = XCBuildConfiguration;
			buildSettings = {
				BUNDLE_LOADER = "$(TEST_HOST)";
				DEVELOPMENT_TEAM = DZ9VAB947K;
				GENERATE_INFOPLIST_FILE = YES;
				LD_RUNPATH_SEARCH_PATHS = (
					"$(inherited)",
					"@executable_path/Frameworks",
					"@loader_path/Frameworks",
				);
				PRODUCT_BUNDLE_IDENTIFIER = io.beanlo.uitests;
				SDKROOT = iphoneos;
				SWIFT_VERSION = 5.0;
				TARGETED_DEVICE_FAMILY = "1,2";
				TEST_TARGET_NAME = Beanlo;
			};
			name = Release;
		};
		7D047BDC1F6BE6526CD3968D /* Debug */ = {
			isa = XCBuildConfiguration;
			buildSettings = {
				ASSETCATALOG_COMPILER_APPICON_NAME = AppIcon;
				ASSETCATALOG_COMPILER_GLOBAL_ACCENT_COLOR_NAME = AccentColor;
				CODE_SIGN_ENTITLEMENTS = Beanlo/Beanlo.entitlements;
				CODE_SIGN_IDENTITY = "iPhone Developer";
				CODE_SIGN_STYLE = Automatic;
				CURRENT_PROJECT_VERSION = 15;
				DEVELOPMENT_TEAM = DZ9VAB947K;
				INFOPLIST_FILE = Beanlo/Info.plist;
				INFOPLIST_KEY_UISupportedInterfaceOrientations = UIInterfaceOrientationPortrait;
				LD_RUNPATH_SEARCH_PATHS = (
					"$(inherited)",
					"@executable_path/Frameworks",
				);
				MARKETING_VERSION = 1.0;
				PRODUCT_BUNDLE_IDENTIFIER = io.beanlo;
				SDKROOT = iphoneos;
				SUPPORTS_MACCATALYST = NO;
				SWIFT_VERSION = 5.0;
				TARGETED_DEVICE_FAMILY = 1;
			};
			name = Debug;
		};
		9EC4BADDEBA2123EDE2A5F2A /* Release */ = {
			isa = XCBuildConfiguration;
			buildSettings = {
				ALWAYS_SEARCH_USER_PATHS = NO;
				CLANG_ANALYZER_NONNULL = YES;
				CLANG_ANALYZER_NUMBER_OBJECT_CONVERSION = YES_AGGRESSIVE;
				CLANG_CXX_LANGUAGE_STANDARD = "gnu++14";
				CLANG_CXX_LIBRARY = "libc++";
				CLANG_ENABLE_MODULES = YES;
				CLANG_ENABLE_OBJC_ARC = YES;
				CLANG_ENABLE_OBJC_WEAK = YES;
				CLANG_WARN_BLOCK_CAPTURE_AUTORELEASING = YES;
				CLANG_WARN_BOOL_CONVERSION = YES;
				CLANG_WARN_COMMA = YES;
				CLANG_WARN_CONSTANT_CONVERSION = YES;
				CLANG_WARN_DEPRECATED_OBJC_IMPLEMENTATIONS = YES;
				CLANG_WARN_DIRECT_OBJC_ISA_USAGE = YES_ERROR;
				CLANG_WARN_DOCUMENTATION_COMMENTS = YES;
				CLANG_WARN_EMPTY_BODY = YES;
				CLANG_WARN_ENUM_CONVERSION = YES;
				CLANG_WARN_INFINITE_RECURSION = YES;
				CLANG_WARN_INT_CONVERSION = YES;
				CLANG_WARN_NON_LITERAL_NULL_CONVERSION = YES;
				CLANG_WARN_OBJC_IMPLICIT_RETAIN_SELF = YES;
				CLANG_WARN_OBJC_LITERAL_CONVERSION = YES;
				CLANG_WARN_OBJC_ROOT_CLASS = YES_ERROR;
				CLANG_WARN_QUOTED_INCLUDE_IN_FRAMEWORK_HEADER = YES;
				CLANG_WARN_RANGE_LOOP_ANALYSIS = YES;
				CLANG_WARN_STRICT_PROTOTYPES = YES;
				CLANG_WARN_SUSPICIOUS_MOVE = YES;
				CLANG_WARN_UNGUARDED_AVAILABILITY = YES_AGGRESSIVE;
				CLANG_WARN_UNREACHABLE_CODE = YES;
				CLANG_WARN__DUPLICATE_METHOD_MATCH = YES;
				COPY_PHASE_STRIP = NO;
				DEBUG_INFORMATION_FORMAT = "dwarf-with-dsym";
				ENABLE_NS_ASSERTIONS = NO;
				ENABLE_STRICT_OBJC_MSGSEND = YES;
				GCC_C_LANGUAGE_STANDARD = gnu11;
				GCC_NO_COMMON_BLOCKS = YES;
				GCC_WARN_64_TO_32_BIT_CONVERSION = YES;
				GCC_WARN_ABOUT_RETURN_TYPE = YES_ERROR;
				GCC_WARN_UNDECLARED_SELECTOR = YES;
				GCC_WARN_UNINITIALIZED_AUTOS = YES_AGGRESSIVE;
				GCC_WARN_UNUSED_FUNCTION = YES;
				GCC_WARN_UNUSED_VARIABLE = YES;
				IPHONEOS_DEPLOYMENT_TARGET = 26.0;
				MTL_ENABLE_DEBUG_INFO = NO;
				MTL_FAST_MATH = YES;
				PRODUCT_NAME = "$(TARGET_NAME)";
				SDKROOT = iphoneos;
				SWIFT_COMPILATION_MODE = wholemodule;
				SWIFT_OPTIMIZATION_LEVEL = "-O";
				SWIFT_VERSION = 5.0;
			};
			name = Release;
		};
		BC05063D19FA2632AD1C3541 /* Debug */ = {
			isa = XCBuildConfiguration;
			buildSettings = {
				BUNDLE_LOADER = "$(TEST_HOST)";
				DEVELOPMENT_TEAM = DZ9VAB947K;
				GENERATE_INFOPLIST_FILE = YES;
				LD_RUNPATH_SEARCH_PATHS = (
					"$(inherited)",
					"@executable_path/Frameworks",
					"@loader_path/Frameworks",
				);
				PRODUCT_BUNDLE_IDENTIFIER = io.beanlo.uitests;
				SDKROOT = iphoneos;
				SWIFT_VERSION = 5.0;
				TARGETED_DEVICE_FAMILY = "1,2";
				TEST_TARGET_NAME = Beanlo;
			};
			name = Debug;
		};
		CD223691F7003B96F7FBC184 /* Release */ = {
			isa = XCBuildConfiguration;
			buildSettings = {
				CODE_SIGN_ENTITLEMENTS = BeanloWidgets/BeanloWidgets.entitlements;
				CODE_SIGN_STYLE = Automatic;
				CURRENT_PROJECT_VERSION = 15;
				DEVELOPMENT_TEAM = DZ9VAB947K;
				INFOPLIST_FILE = BeanloWidgets/Info.plist;
				LD_RUNPATH_SEARCH_PATHS = (
					"$(inherited)",
					"@executable_path/Frameworks",
					"@executable_path/../../Frameworks",
				);
				MARKETING_VERSION = 1.0;
				PRODUCT_BUNDLE_IDENTIFIER = io.beanlo.widgets;
				SDKROOT = iphoneos;
				SKIP_INSTALL = YES;
				SWIFT_VERSION = 5.0;
				TARGETED_DEVICE_FAMILY = 1;
			};
			name = Release;
		};
/* End XCBuildConfiguration section */

/* Begin XCConfigurationList section */
		0760C191342C8BE3BC20EF5F /* Build configuration list for PBXProject "Beanlo" */ = {
			isa = XCConfigurationList;
			buildConfigurations = (
				376E98FEB26DFAAC944217ED /* Debug */,
				9EC4BADDEBA2123EDE2A5F2A /* Release */,
			);
			defaultConfigurationIsVisible = 0;
			defaultConfigurationName = Debug;
		};
		15547C42439380AFF065F556 /* Build configuration list for PBXNativeTarget "Beanlo" */ = {
			isa = XCConfigurationList;
			buildConfigurations = (
				7D047BDC1F6BE6526CD3968D /* Debug */,
				51B06B574A98B6FEB49D6B4C /* Release */,
			);
			defaultConfigurationIsVisible = 0;
			defaultConfigurationName = Debug;
		};
		2EF2ABA96217D2E4B710C028 /* Build configuration list for PBXNativeTarget "BeanloWidgets" */ = {
			isa = XCConfigurationList;
			buildConfigurations = (
				39CCF9B9D5017A52106C2541 /* Debug */,
				CD223691F7003B96F7FBC184 /* Release */,
			);
			defaultConfigurationIsVisible = 0;
			defaultConfigurationName = Debug;
		};
		A7D872AFF534798ED5200A6F /* Build configuration list for PBXNativeTarget "BeanloUITests" */ = {
			isa = XCConfigurationList;
			buildConfigurations = (
				BC05063D19FA2632AD1C3541 /* Debug */,
				75BB302E9BB981FFD62306AC /* Release */,
			);
			defaultConfigurationIsVisible = 0;
			defaultConfigurationName = Debug;
		};
		A7DE3BFE9EA22FFBF0DD7EF0 /* Build configuration list for PBXNativeTarget "BeanloTests" */ = {
			isa = XCConfigurationList;
			buildConfigurations = (
				71879512D7EE16E237C8FB3D /* Debug */,
				1158F7B829E39ADCFA38084C /* Release */,
			);
			defaultConfigurationIsVisible = 0;
			defaultConfigurationName = Debug;
		};
/* End XCConfigurationList section */

/* Begin XCRemoteSwiftPackageReference section */
		E6D14B57E58642FF6227B3E5 /* XCRemoteSwiftPackageReference "supabase-swift" */ = {
			isa = XCRemoteSwiftPackageReference;
			repositoryURL = "https://github.com/supabase/supabase-swift";
			requirement = {
				kind = upToNextMajorVersion;
				minimumVersion = 2.0.0;
			};
		};
/* End XCRemoteSwiftPackageReference section */

/* Begin XCSwiftPackageProductDependency section */
		D1C74A9AC6F23FCBBD71C850 /* Supabase */ = {
			isa = XCSwiftPackageProductDependency;
			package = E6D14B57E58642FF6227B3E5 /* XCRemoteSwiftPackageReference "supabase-swift" */;
			productName = Supabase;
		};
/* End XCSwiftPackageProductDependency section */
	};
	rootObject = 725B2E0F1D8960D6803B5B52 /* Project object */;
}
